
Microsoft Visual Studio Solution File, Format Version 12.00
# Visual Studio Version 17
VisualStudioVersion = 17.9.34728.123
MinimumVisualStudioVersion = 10.0.40219.1
Project("{2150E333-8FDC-42A3-9474-1A3956D46DE8}") = "Services", "Services", "{6067340F-1398-48C6-9DAA-73FDC7A078BA}"
EndProject
Project("{2150E333-8FDC-42A3-9474-1A3956D46DE8}") = "Catalog", "Catalog", "{E3766468-E9C4-475D-95F9-4D99AA4301E4}"
EndProject
Project("{9A19103F-16F7-4668-BE54-9A1E7A4F7556}") = "MicroServiceShop.Catalog.WebAPI", "Services\Catalog\MicroServiceShop.Catalog\MicroServiceShop.Catalog.WebAPI.csproj", "{19E99C08-B09D-4E25-B04B-2552906CB4DD}"
EndProject
Project("{2150E333-8FDC-42A3-9474-1A3956D46DE8}") = "Core", "Core", "{D1271DFB-9215-4961-B6F4-A492CC13FD4E}"
EndProject
Project("{9A19103F-16F7-4668-BE54-9A1E7A4F7556}") = "MicroServiceShop.Core", "Core\MicroServiceShop.Core\MicroServiceShop.Core.csproj", "{E8772916-7023-486B-A4FA-B57D813E6D6D}"
EndProject
Project("{2150E333-8FDC-42A3-9474-1A3956D46DE8}") = "Discount", "Discount", "{2FAC2D9A-D675-4B5D-A266-94BD235745F1}"
EndProject
Project("{9A19103F-16F7-4668-BE54-9A1E7A4F7556}") = "MicroServiceShop.Discount.WebAPI", "Services\Discount\MicroServiceShop.Discount\MicroServiceShop.Discount.WebAPI.csproj", "{8A6625AE-1A5C-4525-AC22-5FFFAAA93F36}"
EndProject
Project("{2150E333-8FDC-42A3-9474-1A3956D46DE8}") = "Order", "Order", "{8298171A-598C-4314-9841-8E7BF341A34F}"
EndProject
Project("{9A19103F-16F7-4668-BE54-9A1E7A4F7556}") = "MicroServiceShop.Order.Domain", "Services\Order\MicroServiceShop.Order.Domain\MicroServiceShop.Order.Domain.csproj", "{ECDA03EA-933C-49D7-A164-37AF18CF5D5B}"
EndProject
Project("{9A19103F-16F7-4668-BE54-9A1E7A4F7556}") = "MicroServiceShop.Order.Application", "Services\Order\MicroServiceShop.Order.Application\MicroServiceShop.Order.Application.csproj", "{FB4644E7-9012-4BA5-B5CD-B8547C83F054}"
EndProject
Project("{9A19103F-16F7-4668-BE54-9A1E7A4F7556}") = "MicroServiceShop.Order.Infrastructure", "Services\Order\MicroServiceShop.Order.Infrastructure\MicroServiceShop.Order.Infrastructure.csproj", "{CA2148A5-3EE0-4805-A0BD-DA5C82FD98CC}"
EndProject
Project("{9A19103F-16F7-4668-BE54-9A1E7A4F7556}") = "MicroServiceShop.Order.WebAPI", "Services\Order\MicroServiceShop.Order.WebApi\MicroServiceShop.Order.WebAPI.csproj", "{296D2601-36DD-44C8-B137-9952CBD0F90D}"
EndProject
Project("{2150E333-8FDC-42A3-9474-1A3956D46DE8}") = "IdentityServer", "IdentityServer", "{D9FE10CD-4829-4CD0-A6F2-98A6AF116828}"
EndProject
Project("{9A19103F-16F7-4668-BE54-9A1E7A4F7556}") = "MicroServiceShop.IdentityServer", "IdentityServer\MicroServiceShop.IdentityServer\MicroServiceShop.IdentityServer.csproj", "{E2D2AC16-724E-4AD7-B87A-FF5B44CB6CBD}"
EndProject
Project("{2150E333-8FDC-42A3-9474-1A3956D46DE8}") = "Cargo", "Cargo", "{C95E531F-886E-45E9-A47F-3F6116FC80F6}"
EndProject
Project("{9A19103F-16F7-4668-BE54-9A1E7A4F7556}") = "MicroServiceShop.Cargo.WebAPI", "Services\Cargo\MicroServiceShop.Cargo\MicroServiceShop.Cargo.WebAPI.csproj", "{C15C3BA6-6B56-4CE0-8E06-BC2F57BCBED7}"
EndProject
Project("{2150E333-8FDC-42A3-9474-1A3956D46DE8}") = "Basket", "Basket", "{0C7D262D-A531-4684-B6AD-9593A66D2856}"
EndProject
Project("{9A19103F-16F7-4668-BE54-9A1E7A4F7556}") = "MicroServiceShop.Basket.WebAPI", "Services\Basket\MicroServiceShop.Basket.WebAPI\MicroServiceShop.Basket.WebAPI.csproj", "{F99EE1C8-14A3-4DFF-B027-8BF8EFB69E00}"
EndProject
Project("{2150E333-8FDC-42A3-9474-1A3956D46DE8}") = "Comment", "Comment", "{6A12F330-D52E-415B-8A2A-D9C26D0103CB}"
EndProject
Project("{9A19103F-16F7-4668-BE54-9A1E7A4F7556}") = "MicroServiceShop.Comment.WebAPI", "Services\Comment\MicroServiceShop.Comment.WebAPI\MicroServiceShop.Comment.WebAPI.csproj", "{D9F27440-42D1-4076-A3C9-1D1A1F271095}"
EndProject
Project("{2150E333-8FDC-42A3-9474-1A3956D46DE8}") = "Gateway", "Gateway", "{ACFAD0D0-B46D-43C4-B306-A39B9EAB0A59}"
EndProject
Project("{9A19103F-16F7-4668-BE54-9A1E7A4F7556}") = "MicroServiceShop.Gateway", "Gateway\MicroServiceShop.Gateway\MicroServiceShop.Gateway.csproj", "{C9E1D969-6233-4182-91E0-1AAB074E74C4}"
EndProject
Project("{2150E333-8FDC-42A3-9474-1A3956D46DE8}") = "Message", "Message", "{ACC7D044-CF6F-4FB5-B54D-44E0F8E866BD}"
EndProject
Project("{FAE04EC0-301F-11D3-BF4B-00C04F79EFBC}") = "MicroServiceShop.Message.WebAPI", "Services\Message\MicroServiceShop.Message.WebAPI\MicroServiceShop.Message.WebAPI.csproj", "{DF6D0EB4-0353-4FF3-9964-E9E2F46AB034}"
EndProject
Global
	GlobalSection(SolutionConfigurationPlatforms) = preSolution
		Debug|Any CPU = Debug|Any CPU
		Release|Any CPU = Release|Any CPU
	EndGlobalSection
	GlobalSection(ProjectConfigurationPlatforms) = postSolution
		{19E99C08-B09D-4E25-B04B-2552906CB4DD}.Debug|Any CPU.ActiveCfg = Debug|Any CPU
		{19E99C08-B09D-4E25-B04B-2552906CB4DD}.Debug|Any CPU.Build.0 = Debug|Any CPU
		{19E99C08-B09D-4E25-B04B-2552906CB4DD}.Release|Any CPU.ActiveCfg = Release|Any CPU
		{19E99C08-B09D-4E25-B04B-2552906CB4DD}.Release|Any CPU.Build.0 = Release|Any CPU
		{E8772916-7023-486B-A4FA-B57D813E6D6D}.Debug|Any CPU.ActiveCfg = Debug|Any CPU
		{E8772916-7023-486B-A4FA-B57D813E6D6D}.Debug|Any CPU.Build.0 = Debug|Any CPU
		{E8772916-7023-486B-A4FA-B57D813E6D6D}.Release|Any CPU.ActiveCfg = Release|Any CPU
		{E8772916-7023-486B-A4FA-B57D813E6D6D}.Release|Any CPU.Build.0 = Release|Any CPU
		{8A6625AE-1A5C-4525-AC22-5FFFAAA93F36}.Debug|Any CPU.ActiveCfg = Debug|Any CPU
		{8A6625AE-1A5C-4525-AC22-5FFFAAA93F36}.Debug|Any CPU.Build.0 = Debug|Any CPU
		{8A6625AE-1A5C-4525-AC22-5FFFAAA93F36}.Release|Any CPU.ActiveCfg = Release|Any CPU
		{8A6625AE-1A5C-4525-AC22-5FFFAAA93F36}.Release|Any CPU.Build.0 = Release|Any CPU
		{ECDA03EA-933C-49D7-A164-37AF18CF5D5B}.Debug|Any CPU.ActiveCfg = Debug|Any CPU
		{ECDA03EA-933C-49D7-A164-37AF18CF5D5B}.Debug|Any CPU.Build.0 = Debug|Any CPU
		{ECDA03EA-933C-49D7-A164-37AF18CF5D5B}.Release|Any CPU.ActiveCfg = Release|Any CPU
		{ECDA03EA-933C-49D7-A164-37AF18CF5D5B}.Release|Any CPU.Build.0 = Release|Any CPU
		{FB4644E7-9012-4BA5-B5CD-B8547C83F054}.Debug|Any CPU.ActiveCfg = Debug|Any CPU
		{FB4644E7-9012-4BA5-B5CD-B8547C83F054}.Debug|Any CPU.Build.0 = Debug|Any CPU
		{FB4644E7-9012-4BA5-B5CD-B8547C83F054}.Release|Any CPU.ActiveCfg = Release|Any CPU
		{FB4644E7-9012-4BA5-B5CD-B8547C83F054}.Release|Any CPU.Build.0 = Release|Any CPU
		{CA2148A5-3EE0-4805-A0BD-DA5C82FD98CC}.Debug|Any CPU.ActiveCfg = Debug|Any CPU
		{CA2148A5-3EE0-4805-A0BD-DA5C82FD98CC}.Debug|Any CPU.Build.0 = Debug|Any CPU
		{CA2148A5-3EE0-4805-A0BD-DA5C82FD98CC}.Release|Any CPU.ActiveCfg = Release|Any CPU
		{CA2148A5-3EE0-4805-A0BD-DA5C82FD98CC}.Release|Any CPU.Build.0 = Release|Any CPU
		{296D2601-36DD-44C8-B137-9952CBD0F90D}.Debug|Any CPU.ActiveCfg = Debug|Any CPU
		{296D2601-36DD-44C8-B137-9952CBD0F90D}.Debug|Any CPU.Build.0 = Debug|Any CPU
		{296D2601-36DD-44C8-B137-9952CBD0F90D}.Release|Any CPU.ActiveCfg = Release|Any CPU
		{296D2601-36DD-44C8-B137-9952CBD0F90D}.Release|Any CPU.Build.0 = Release|Any CPU
		{E2D2AC16-724E-4AD7-B87A-FF5B44CB6CBD}.Debug|Any CPU.ActiveCfg = Debug|Any CPU
		{E2D2AC16-724E-4AD7-B87A-FF5B44CB6CBD}.Debug|Any CPU.Build.0 = Debug|Any CPU
		{E2D2AC16-724E-4AD7-B87A-FF5B44CB6CBD}.Release|Any CPU.ActiveCfg = Release|Any CPU
		{E2D2AC16-724E-4AD7-B87A-FF5B44CB6CBD}.Release|Any CPU.Build.0 = Release|Any CPU
		{C15C3BA6-6B56-4CE0-8E06-BC2F57BCBED7}.Debug|Any CPU.ActiveCfg = Debug|Any CPU
		{C15C3BA6-6B56-4CE0-8E06-BC2F57BCBED7}.Debug|Any CPU.Build.0 = Debug|Any CPU
		{C15C3BA6-6B56-4CE0-8E06-BC2F57BCBED7}.Release|Any CPU.ActiveCfg = Release|Any CPU
		{C15C3BA6-6B56-4CE0-8E06-BC2F57BCBED7}.Release|Any CPU.Build.0 = Release|Any CPU
		{F99EE1C8-14A3-4DFF-B027-8BF8EFB69E00}.Debug|Any CPU.ActiveCfg = Debug|Any CPU
		{F99EE1C8-14A3-4DFF-B027-8BF8EFB69E00}.Debug|Any CPU.Build.0 = Debug|Any CPU
		{F99EE1C8-14A3-4DFF-B027-8BF8EFB69E00}.Release|Any CPU.ActiveCfg = Release|Any CPU
		{F99EE1C8-14A3-4DFF-B027-8BF8EFB69E00}.Release|Any CPU.Build.0 = Release|Any CPU
		{D9F27440-42D1-4076-A3C9-1D1A1F271095}.Debug|Any CPU.ActiveCfg = Debug|Any CPU
		{D9F27440-42D1-4076-A3C9-1D1A1F271095}.Debug|Any CPU.Build.0 = Debug|Any CPU
		{D9F27440-42D1-4076-A3C9-1D1A1F271095}.Release|Any CPU.ActiveCfg = Release|Any CPU
		{D9F27440-42D1-4076-A3C9-1D1A1F271095}.Release|Any CPU.Build.0 = Release|Any CPU
		{C9E1D969-6233-4182-91E0-1AAB074E74C4}.Debug|Any CPU.ActiveCfg = Debug|Any CPU
		{C9E1D969-6233-4182-91E0-1AAB074E74C4}.Debug|Any CPU.Build.0 = Debug|Any CPU
		{C9E1D969-6233-4182-91E0-1AAB074E74C4}.Release|Any CPU.ActiveCfg = Release|Any CPU
		{C9E1D969-6233-4182-91E0-1AAB074E74C4}.Release|Any CPU.Build.0 = Release|Any CPU
		{DF6D0EB4-0353-4FF3-9964-E9E2F46AB034}.Debug|Any CPU.ActiveCfg = Debug|Any CPU
		{DF6D0EB4-0353-4FF3-9964-E9E2F46AB034}.Debug|Any CPU.Build.0 = Debug|Any CPU
		{DF6D0EB4-0353-4FF3-9964-E9E2F46AB034}.Release|Any CPU.ActiveCfg = Release|Any CPU
		{DF6D0EB4-0353-4FF3-9964-E9E2F46AB034}.Release|Any CPU.Build.0 = Release|Any CPU
	EndGlobalSection
	GlobalSection(SolutionProperties) = preSolution
		HideSolutionNode = FALSE
	EndGlobalSection
	GlobalSection(NestedProjects) = preSolution
		{E3766468-E9C4-475D-95F9-4D99AA4301E4} = {6067340F-1398-48C6-9DAA-73FDC7A078BA}
		{19E99C08-B09D-4E25-B04B-2552906CB4DD} = {E3766468-E9C4-475D-95F9-4D99AA4301E4}
		{E8772916-7023-486B-A4FA-B57D813E6D6D} = {D1271DFB-9215-4961-B6F4-A492CC13FD4E}
		{2FAC2D9A-D675-4B5D-A266-94BD235745F1} = {6067340F-1398-48C6-9DAA-73FDC7A078BA}
		{8A6625AE-1A5C-4525-AC22-5FFFAAA93F36} = {2FAC2D9A-D675-4B5D-A266-94BD235745F1}
		{8298171A-598C-4314-9841-8E7BF341A34F} = {6067340F-1398-48C6-9DAA-73FDC7A078BA}
		{ECDA03EA-933C-49D7-A164-37AF18CF5D5B} = {8298171A-598C-4314-9841-8E7BF341A34F}
		{FB4644E7-9012-4BA5-B5CD-B8547C83F054} = {8298171A-598C-4314-9841-8E7BF341A34F}
		{CA2148A5-3EE0-4805-A0BD-DA5C82FD98CC} = {8298171A-598C-4314-9841-8E7BF341A34F}
		{296D2601-36DD-44C8-B137-9952CBD0F90D} = {8298171A-598C-4314-9841-8E7BF341A34F}
		{E2D2AC16-724E-4AD7-B87A-FF5B44CB6CBD} = {D9FE10CD-4829-4CD0-A6F2-98A6AF116828}
		{C95E531F-886E-45E9-A47F-3F6116FC80F6} = {6067340F-1398-48C6-9DAA-73FDC7A078BA}
		{C15C3BA6-6B56-4CE0-8E06-BC2F57BCBED7} = {C95E531F-886E-45E9-A47F-3F6116FC80F6}
		{0C7D262D-A531-4684-B6AD-9593A66D2856} = {6067340F-1398-48C6-9DAA-73FDC7A078BA}
		{F99EE1C8-14A3-4DFF-B027-8BF8EFB69E00} = {0C7D262D-A531-4684-B6AD-9593A66D2856}
		{6A12F330-D52E-415B-8A2A-D9C26D0103CB} = {6067340F-1398-48C6-9DAA-73FDC7A078BA}
		{D9F27440-42D1-4076-A3C9-1D1A1F271095} = {6A12F330-D52E-415B-8A2A-D9C26D0103CB}
		{C9E1D969-6233-4182-91E0-1AAB074E74C4} = {ACFAD0D0-B46D-43C4-B306-A39B9EAB0A59}
		{ACC7D044-CF6F-4FB5-B54D-44E0F8E866BD} = {6067340F-1398-48C6-9DAA-73FDC7A078BA}
		{DF6D0EB4-0353-4FF3-9964-E9E2F46AB034} = {ACC7D044-CF6F-4FB5-B54D-44E0F8E866BD}
	EndGlobalSection
	GlobalSection(ExtensibilityGlobals) = postSolution
		SolutionGuid = {796A04CE-2372-4345-BBCA-067BD1157309}
	EndGlobalSection
EndGlobal
